
Microsoft Visual Studio Solution File, Format Version 12.00
# Visual Studio Version 16
VisualStudioVersion = 16.0.29911.84
MinimumVisualStudioVersion = 10.0.40219.1
Project("{FAE04EC0-301F-11D3-BF4B-00C04F79EFBC}") = "PowerOfGod.Web", "PowerOfGod.Web\PowerOfGod.Web.csproj", "{27375461-6005-4402-B403-1619C34CC9FE}"
EndProject
Project("{FAE04EC0-301F-11D3-BF4B-00C04F79EFBC}") = "PowerOfGod.Tests", "PowerOfGod.Tests\PowerOfGod.Tests.csproj", "{F248B283-CDF4-4547-AE2C-5CDE430D8872}"
EndProject
Project("{FAE04EC0-301F-11D3-BF4B-00C04F79EFBC}") = "PowerOfGod.Domain", "PowerOfGod.Domain\PowerOfGod.Domain.csproj", "{9C9DF10A-D1FD-4C53-A3B9-FC0C1694D2C8}"
EndProject
Project("{FAE04EC0-301F-11D3-BF4B-00C04F79EFBC}") = "PowerOfGod.Business", "PowerOfGod.Business\PowerOfGod.Business.csproj", "{2860F161-9B82-48BC-A371-2613900B7F2E}"
EndProject
Project("{2150E333-8FDC-42A3-9474-1A3956D46DE8}") = "Web", "Web", "{C5507026-6A28-4D73-94E1-282C754FF037}"
EndProject
Project("{FAE04EC0-301F-11D3-BF4B-00C04F79EFBC}") = "PowerOfGod.ViewModel", "PowerOfGod.ViewModel\PowerOfGod.ViewModel.csproj", "{8FADD108-3738-433C-BC5C-6F302E7587C7}"
EndProject
Global
	GlobalSection(SolutionConfigurationPlatforms) = preSolution
		Ad-Hoc|Any CPU = Ad-Hoc|Any CPU
		Ad-Hoc|ARM = Ad-Hoc|ARM
		Ad-Hoc|iPhone = Ad-Hoc|iPhone
		Ad-Hoc|iPhoneSimulator = Ad-Hoc|iPhoneSimulator
		Ad-Hoc|x64 = Ad-Hoc|x64
		Ad-Hoc|x86 = Ad-Hoc|x86
		AppStore|Any CPU = AppStore|Any CPU
		AppStore|ARM = AppStore|ARM
		AppStore|iPhone = AppStore|iPhone
		AppStore|iPhoneSimulator = AppStore|iPhoneSimulator
		AppStore|x64 = AppStore|x64
		AppStore|x86 = AppStore|x86
		Debug|Any CPU = Debug|Any CPU
		Debug|ARM = Debug|ARM
		Debug|iPhone = Debug|iPhone
		Debug|iPhoneSimulator = Debug|iPhoneSimulator
		Debug|x64 = Debug|x64
		Debug|x86 = Debug|x86
		Release|Any CPU = Release|Any CPU
		Release|ARM = Release|ARM
		Release|iPhone = Release|iPhone
		Release|iPhoneSimulator = Release|iPhoneSimulator
		Release|x64 = Release|x64
		Release|x86 = Release|x86
	EndGlobalSection
	GlobalSection(ProjectConfigurationPlatforms) = postSolution
		{27375461-6005-4402-B403-1619C34CC9FE}.Ad-Hoc|Any CPU.ActiveCfg = Release|Any CPU
		{27375461-6005-4402-B403-1619C34CC9FE}.Ad-Hoc|Any CPU.Build.0 = Release|Any CPU
		{27375461-6005-4402-B403-1619C34CC9FE}.Ad-Hoc|ARM.ActiveCfg = Release|Any CPU
		{27375461-6005-4402-B403-1619C34CC9FE}.Ad-Hoc|ARM.Build.0 = Release|Any CPU
		{27375461-6005-4402-B403-1619C34CC9FE}.Ad-Hoc|iPhone.ActiveCfg = Release|Any CPU
		{27375461-6005-4402-B403-1619C34CC9FE}.Ad-Hoc|iPhone.Build.0 = Release|Any CPU
		{27375461-6005-4402-B403-1619C34CC9FE}.Ad-Hoc|iPhoneSimulator.ActiveCfg = Release|Any CPU
		{27375461-6005-4402-B403-1619C34CC9FE}.Ad-Hoc|iPhoneSimulator.Build.0 = Release|Any CPU
		{27375461-6005-4402-B403-1619C34CC9FE}.Ad-Hoc|x64.ActiveCfg = Release|Any CPU
		{27375461-6005-4402-B403-1619C34CC9FE}.Ad-Hoc|x64.Build.0 = Release|Any CPU
		{27375461-6005-4402-B403-1619C34CC9FE}.Ad-Hoc|x86.ActiveCfg = Release|Any CPU
		{27375461-6005-4402-B403-1619C34CC9FE}.Ad-Hoc|x86.Build.0 = Release|Any CPU
		{27375461-6005-4402-B403-1619C34CC9FE}.AppStore|Any CPU.ActiveCfg = Release|Any CPU
		{27375461-6005-4402-B403-1619C34CC9FE}.AppStore|Any CPU.Build.0 = Release|Any CPU
		{27375461-6005-4402-B403-1619C34CC9FE}.AppStore|ARM.ActiveCfg = Release|Any CPU
		{27375461-6005-4402-B403-1619C34CC9FE}.AppStore|ARM.Build.0 = Release|Any CPU
		{27375461-6005-4402-B403-1619C34CC9FE}.AppStore|iPhone.ActiveCfg = Release|Any CPU
		{27375461-6005-4402-B403-1619C34CC9FE}.AppStore|iPhone.Build.0 = Release|Any CPU
		{27375461-6005-4402-B403-1619C34CC9FE}.AppStore|iPhoneSimulator.ActiveCfg = Release|Any CPU
		{27375461-6005-4402-B403-1619C34CC9FE}.AppStore|iPhoneSimulator.Build.0 = Release|Any CPU
		{27375461-6005-4402-B403-1619C34CC9FE}.AppStore|x64.ActiveCfg = Release|Any CPU
		{27375461-6005-4402-B403-1619C34CC9FE}.AppStore|x64.Build.0 = Release|Any CPU
		{27375461-6005-4402-B403-1619C34CC9FE}.AppStore|x86.ActiveCfg = Release|Any CPU
		{27375461-6005-4402-B403-1619C34CC9FE}.AppStore|x86.Build.0 = Release|Any CPU
		{27375461-6005-4402-B403-1619C34CC9FE}.Debug|Any CPU.ActiveCfg = Debug|Any CPU
		{27375461-6005-4402-B403-1619C34CC9FE}.Debug|Any CPU.Build.0 = Debug|Any CPU
		{27375461-6005-4402-B403-1619C34CC9FE}.Debug|ARM.ActiveCfg = Debug|Any CPU
		{27375461-6005-4402-B403-1619C34CC9FE}.Debug|ARM.Build.0 = Debug|Any CPU
		{27375461-6005-4402-B403-1619C34CC9FE}.Debug|iPhone.ActiveCfg = Debug|Any CPU
		{27375461-6005-4402-B403-1619C34CC9FE}.Debug|iPhone.Build.0 = Debug|Any CPU
		{27375461-6005-4402-B403-1619C34CC9FE}.Debug|iPhoneSimulator.ActiveCfg = Debug|Any CPU
		{27375461-6005-4402-B403-1619C34CC9FE}.Debug|iPhoneSimulator.Build.0 = Debug|Any CPU
		{27375461-6005-4402-B403-1619C34CC9FE}.Debug|x64.ActiveCfg = Debug|Any CPU
		{27375461-6005-4402-B403-1619C34CC9FE}.Debug|x64.Build.0 = Debug|Any CPU
		{27375461-6005-4402-B403-1619C34CC9FE}.Debug|x86.ActiveCfg = Debug|Any CPU
		{27375461-6005-4402-B403-1619C34CC9FE}.Debug|x86.Build.0 = Debug|Any CPU
		{27375461-6005-4402-B403-1619C34CC9FE}.Release|Any CPU.ActiveCfg = Release|Any CPU
		{27375461-6005-4402-B403-1619C34CC9FE}.Release|Any CPU.Build.0 = Release|Any CPU
		{27375461-6005-4402-B403-1619C34CC9FE}.Release|ARM.ActiveCfg = Release|Any CPU
		{27375461-6005-4402-B403-1619C34CC9FE}.Release|ARM.Build.0 = Release|Any CPU
		{27375461-6005-4402-B403-1619C34CC9FE}.Release|iPhone.ActiveCfg = Release|Any CPU
		{27375461-6005-4402-B403-1619C34CC9FE}.Release|iPhone.Build.0 = Release|Any CPU
		{27375461-6005-4402-B403-1619C34CC9FE}.Release|iPhoneSimulator.ActiveCfg = Release|Any CPU
		{27375461-6005-4402-B403-1619C34CC9FE}.Release|iPhoneSimulator.Build.0 = Release|Any CPU
		{27375461-6005-4402-B403-1619C34CC9FE}.Release|x64.ActiveCfg = Release|Any CPU
		{27375461-6005-4402-B403-1619C34CC9FE}.Release|x64.Build.0 = Release|Any CPU
		{27375461-6005-4402-B403-1619C34CC9FE}.Release|x86.ActiveCfg = Release|Any CPU
		{27375461-6005-4402-B403-1619C34CC9FE}.Release|x86.Build.0 = Release|Any CPU
		{F248B283-CDF4-4547-AE2C-5CDE430D8872}.Ad-Hoc|Any CPU.ActiveCfg = Release|Any CPU
		{F248B283-CDF4-4547-AE2C-5CDE430D8872}.Ad-Hoc|Any CPU.Build.0 = Release|Any CPU
		{F248B283-CDF4-4547-AE2C-5CDE430D8872}.Ad-Hoc|ARM.ActiveCfg = Release|Any CPU
		{F248B283-CDF4-4547-AE2C-5CDE430D8872}.Ad-Hoc|ARM.Build.0 = Release|Any CPU
		{F248B283-CDF4-4547-AE2C-5CDE430D8872}.Ad-Hoc|iPhone.ActiveCfg = Release|Any CPU
		{F248B283-CDF4-4547-AE2C-5CDE430D8872}.Ad-Hoc|iPhone.Build.0 = Release|Any CPU
		{F248B283-CDF4-4547-AE2C-5CDE430D8872}.Ad-Hoc|iPhoneSimulator.ActiveCfg = Release|Any CPU
		{F248B283-CDF4-4547-AE2C-5CDE430D8872}.Ad-Hoc|iPhoneSimulator.Build.0 = Release|Any CPU
		{F248B283-CDF4-4547-AE2C-5CDE430D8872}.Ad-Hoc|x64.ActiveCfg = Release|Any CPU
		{F248B283-CDF4-4547-AE2C-5CDE430D8872}.Ad-Hoc|x64.Build.0 = Release|Any CPU
		{F248B283-CDF4-4547-AE2C-5CDE430D8872}.Ad-Hoc|x86.ActiveCfg = Release|Any CPU
		{F248B283-CDF4-4547-AE2C-5CDE430D8872}.Ad-Hoc|x86.Build.0 = Release|Any CPU
		{F248B283-CDF4-4547-AE2C-5CDE430D8872}.AppStore|Any CPU.ActiveCfg = Release|Any CPU
		{F248B283-CDF4-4547-AE2C-5CDE430D8872}.AppStore|Any CPU.Build.0 = Release|Any CPU
		{F248B283-CDF4-4547-AE2C-5CDE430D8872}.AppStore|ARM.ActiveCfg = Release|Any CPU
		{F248B283-CDF4-4547-AE2C-5CDE430D8872}.AppStore|ARM.Build.0 = Release|Any CPU
		{F248B283-CDF4-4547-AE2C-5CDE430D8872}.AppStore|iPhone.ActiveCfg = Release|Any CPU
		{F248B283-CDF4-4547-AE2C-5CDE430D8872}.AppStore|iPhone.Build.0 = Release|Any CPU
		{F248B283-CDF4-4547-AE2C-5CDE430D8872}.AppStore|iPhoneSimulator.ActiveCfg = Release|Any CPU
		{F248B283-CDF4-4547-AE2C-5CDE430D8872}.AppStore|iPhoneSimulator.Build.0 = Release|Any CPU
		{F248B283-CDF4-4547-AE2C-5CDE430D8872}.AppStore|x64.ActiveCfg = Release|Any CPU
		{F248B283-CDF4-4547-AE2C-5CDE430D8872}.AppStore|x64.Build.0 = Release|Any CPU
		{F248B283-CDF4-4547-AE2C-5CDE430D8872}.AppStore|x86.ActiveCfg = Release|Any CPU
		{F248B283-CDF4-4547-AE2C-5CDE430D8872}.AppStore|x86.Build.0 = Release|Any CPU
		{F248B283-CDF4-4547-AE2C-5CDE430D8872}.Debug|Any CPU.ActiveCfg = Debug|Any CPU
		{F248B283-CDF4-4547-AE2C-5CDE430D8872}.Debug|Any CPU.Build.0 = Debug|Any CPU
		{F248B283-CDF4-4547-AE2C-5CDE430D8872}.Debug|ARM.ActiveCfg = Debug|Any CPU
		{F248B283-CDF4-4547-AE2C-5CDE430D8872}.Debug|ARM.Build.0 = Debug|Any CPU
		{F248B283-CDF4-4547-AE2C-5CDE430D8872}.Debug|iPhone.ActiveCfg = Debug|Any CPU
		{F248B283-CDF4-4547-AE2C-5CDE430D8872}.Debug|iPhone.Build.0 = Debug|Any CPU
		{F248B283-CDF4-4547-AE2C-5CDE430D8872}.Debug|iPhoneSimulator.ActiveCfg = Debug|Any CPU
		{F248B283-CDF4-4547-AE2C-5CDE430D8872}.Debug|iPhoneSimulator.Build.0 = Debug|Any CPU
		{F248B283-CDF4-4547-AE2C-5CDE430D8872}.Debug|x64.ActiveCfg = Debug|Any CPU
		{F248B283-CDF4-4547-AE2C-5CDE430D8872}.Debug|x64.Build.0 = Debug|Any CPU
		{F248B283-CDF4-4547-AE2C-5CDE430D8872}.Debug|x86.ActiveCfg = Debug|Any CPU
		{F248B283-CDF4-4547-AE2C-5CDE430D8872}.Debug|x86.Build.0 = Debug|Any CPU
		{F248B283-CDF4-4547-AE2C-5CDE430D8872}.Release|Any CPU.ActiveCfg = Release|Any CPU
		{F248B283-CDF4-4547-AE2C-5CDE430D8872}.Release|Any CPU.Build.0 = Release|Any CPU
		{F248B283-CDF4-4547-AE2C-5CDE430D8872}.Release|ARM.ActiveCfg = Release|Any CPU
		{F248B283-CDF4-4547-AE2C-5CDE430D8872}.Release|ARM.Build.0 = Release|Any CPU
		{F248B283-CDF4-4547-AE2C-5CDE430D8872}.Release|iPhone.ActiveCfg = Release|Any CPU
		{F248B283-CDF4-4547-AE2C-5CDE430D8872}.Release|iPhone.Build.0 = Release|Any CPU
		{F248B283-CDF4-4547-AE2C-5CDE430D8872}.Release|iPhoneSimulator.ActiveCfg = Release|Any CPU
		{F248B283-CDF4-4547-AE2C-5CDE430D8872}.Release|iPhoneSimulator.Build.0 = Release|Any CPU
		{F248B283-CDF4-4547-AE2C-5CDE430D8872}.Release|x64.ActiveCfg = Release|Any CPU
		{F248B283-CDF4-4547-AE2C-5CDE430D8872}.Release|x64.Build.0 = Release|Any CPU
		{F248B283-CDF4-4547-AE2C-5CDE430D8872}.Release|x86.ActiveCfg = Release|Any CPU
		{9C9DF10A-D1FD-4C53-A3B9-FC0C1694D2C8}.Ad-Hoc|Any CPU.ActiveCfg = Release|Any CPU
		{9C9DF10A-D1FD-4C53-A3B9-FC0C1694D2C8}.Ad-Hoc|Any CPU.Build.0 = Release|Any CPU
		{9C9DF10A-D1FD-4C53-A3B9-FC0C1694D2C8}.Ad-Hoc|ARM.ActiveCfg = Release|Any CPU
		{9C9DF10A-D1FD-4C53-A3B9-FC0C1694D2C8}.Ad-Hoc|ARM.Build.0 = Release|Any CPU
		{9C9DF10A-D1FD-4C53-A3B9-FC0C1694D2C8}.Ad-Hoc|iPhone.ActiveCfg = Release|Any CPU
		{9C9DF10A-D1FD-4C53-A3B9-FC0C1694D2C8}.Ad-Hoc|iPhone.Build.0 = Release|Any CPU
		{9C9DF10A-D1FD-4C53-A3B9-FC0C1694D2C8}.Ad-Hoc|iPhoneSimulator.ActiveCfg = Release|Any CPU
		{9C9DF10A-D1FD-4C53-A3B9-FC0C1694D2C8}.Ad-Hoc|iPhoneSimulator.Build.0 = Release|Any CPU
		{9C9DF10A-D1FD-4C53-A3B9-FC0C1694D2C8}.Ad-Hoc|x64.ActiveCfg = Release|Any CPU
		{9C9DF10A-D1FD-4C53-A3B9-FC0C1694D2C8}.Ad-Hoc|x64.Build.0 = Release|Any CPU
		{9C9DF10A-D1FD-4C53-A3B9-FC0C1694D2C8}.Ad-Hoc|x86.ActiveCfg = Release|Any CPU
		{9C9DF10A-D1FD-4C53-A3B9-FC0C1694D2C8}.Ad-Hoc|x86.Build.0 = Release|Any CPU
		{9C9DF10A-D1FD-4C53-A3B9-FC0C1694D2C8}.AppStore|Any CPU.ActiveCfg = Release|Any CPU
		{9C9DF10A-D1FD-4C53-A3B9-FC0C1694D2C8}.AppStore|Any CPU.Build.0 = Release|Any CPU
		{9C9DF10A-D1FD-4C53-A3B9-FC0C1694D2C8}.AppStore|ARM.ActiveCfg = Release|Any CPU
		{9C9DF10A-D1FD-4C53-A3B9-FC0C1694D2C8}.AppStore|ARM.Build.0 = Release|Any CPU
		{9C9DF10A-D1FD-4C53-A3B9-FC0C1694D2C8}.AppStore|iPhone.ActiveCfg = Release|Any CPU
		{9C9DF10A-D1FD-4C53-A3B9-FC0C1694D2C8}.AppStore|iPhone.Build.0 = Release|Any CPU
		{9C9DF10A-D1FD-4C53-A3B9-FC0C1694D2C8}.AppStore|iPhoneSimulator.ActiveCfg = Release|Any CPU
		{9C9DF10A-D1FD-4C53-A3B9-FC0C1694D2C8}.AppStore|iPhoneSimulator.Build.0 = Release|Any CPU
		{9C9DF10A-D1FD-4C53-A3B9-FC0C1694D2C8}.AppStore|x64.ActiveCfg = Release|Any CPU
		{9C9DF10A-D1FD-4C53-A3B9-FC0C1694D2C8}.AppStore|x64.Build.0 = Release|Any CPU
		{9C9DF10A-D1FD-4C53-A3B9-FC0C1694D2C8}.AppStore|x86.ActiveCfg = Release|Any CPU
		{9C9DF10A-D1FD-4C53-A3B9-FC0C1694D2C8}.AppStore|x86.Build.0 = Release|Any CPU
		{9C9DF10A-D1FD-4C53-A3B9-FC0C1694D2C8}.Debug|Any CPU.ActiveCfg = Debug|Any CPU
		{9C9DF10A-D1FD-4C53-A3B9-FC0C1694D2C8}.Debug|Any CPU.Build.0 = Debug|Any CPU
		{9C9DF10A-D1FD-4C53-A3B9-FC0C1694D2C8}.Debug|ARM.ActiveCfg = Debug|Any CPU
		{9C9DF10A-D1FD-4C53-A3B9-FC0C1694D2C8}.Debug|ARM.Build.0 = Debug|Any CPU
		{9C9DF10A-D1FD-4C53-A3B9-FC0C1694D2C8}.Debug|iPhone.ActiveCfg = Debug|Any CPU
		{9C9DF10A-D1FD-4C53-A3B9-FC0C1694D2C8}.Debug|iPhone.Build.0 = Debug|Any CPU
		{9C9DF10A-D1FD-4C53-A3B9-FC0C1694D2C8}.Debug|iPhoneSimulator.ActiveCfg = Debug|Any CPU
		{9C9DF10A-D1FD-4C53-A3B9-FC0C1694D2C8}.Debug|iPhoneSimulator.Build.0 = Debug|Any CPU
		{9C9DF10A-D1FD-4C53-A3B9-FC0C1694D2C8}.Debug|x64.ActiveCfg = Debug|Any CPU
		{9C9DF10A-D1FD-4C53-A3B9-FC0C1694D2C8}.Debug|x64.Build.0 = Debug|Any CPU
		{9C9DF10A-D1FD-4C53-A3B9-FC0C1694D2C8}.Debug|x86.ActiveCfg = Debug|Any CPU
		{9C9DF10A-D1FD-4C53-A3B9-FC0C1694D2C8}.Debug|x86.Build.0 = Debug|Any CPU
		{9C9DF10A-D1FD-4C53-A3B9-FC0C1694D2C8}.Release|Any CPU.ActiveCfg = Release|Any CPU
		{9C9DF10A-D1FD-4C53-A3B9-FC0C1694D2C8}.Release|Any CPU.Build.0 = Release|Any CPU
		{9C9DF10A-D1FD-4C53-A3B9-FC0C1694D2C8}.Release|ARM.ActiveCfg = Release|Any CPU
		{9C9DF10A-D1FD-4C53-A3B9-FC0C1694D2C8}.Release|ARM.Build.0 = Release|Any CPU
		{9C9DF10A-D1FD-4C53-A3B9-FC0C1694D2C8}.Release|iPhone.ActiveCfg = Release|Any CPU
		{9C9DF10A-D1FD-4C53-A3B9-FC0C1694D2C8}.Release|iPhone.Build.0 = Release|Any CPU
		{9C9DF10A-D1FD-4C53-A3B9-FC0C1694D2C8}.Release|iPhoneSimulator.ActiveCfg = Release|Any CPU
		{9C9DF10A-D1FD-4C53-A3B9-FC0C1694D2C8}.Release|iPhoneSimulator.Build.0 = Release|Any CPU
		{9C9DF10A-D1FD-4C53-A3B9-FC0C1694D2C8}.Release|x64.ActiveCfg = Release|Any CPU
		{9C9DF10A-D1FD-4C53-A3B9-FC0C1694D2C8}.Release|x64.Build.0 = Release|Any CPU
		{9C9DF10A-D1FD-4C53-A3B9-FC0C1694D2C8}.Release|x86.ActiveCfg = Release|Any CPU
		{2860F161-9B82-48BC-A371-2613900B7F2E}.Ad-Hoc|Any CPU.ActiveCfg = Release|Any CPU
		{2860F161-9B82-48BC-A371-2613900B7F2E}.Ad-Hoc|Any CPU.Build.0 = Release|Any CPU
		{2860F161-9B82-48BC-A371-2613900B7F2E}.Ad-Hoc|ARM.ActiveCfg = Release|Any CPU
		{2860F161-9B82-48BC-A371-2613900B7F2E}.Ad-Hoc|ARM.Build.0 = Release|Any CPU
		{2860F161-9B82-48BC-A371-2613900B7F2E}.Ad-Hoc|iPhone.ActiveCfg = Release|Any CPU
		{2860F161-9B82-48BC-A371-2613900B7F2E}.Ad-Hoc|iPhone.Build.0 = Release|Any CPU
		{2860F161-9B82-48BC-A371-2613900B7F2E}.Ad-Hoc|iPhoneSimulator.ActiveCfg = Release|Any CPU
		{2860F161-9B82-48BC-A371-2613900B7F2E}.Ad-Hoc|iPhoneSimulator.Build.0 = Release|Any CPU
		{2860F161-9B82-48BC-A371-2613900B7F2E}.Ad-Hoc|x64.ActiveCfg = Release|Any CPU
		{2860F161-9B82-48BC-A371-2613900B7F2E}.Ad-Hoc|x64.Build.0 = Release|Any CPU
		{2860F161-9B82-48BC-A371-2613900B7F2E}.Ad-Hoc|x86.ActiveCfg = Release|Any CPU
		{2860F161-9B82-48BC-A371-2613900B7F2E}.Ad-Hoc|x86.Build.0 = Release|Any CPU
		{2860F161-9B82-48BC-A371-2613900B7F2E}.AppStore|Any CPU.ActiveCfg = Release|Any CPU
		{2860F161-9B82-48BC-A371-2613900B7F2E}.AppStore|Any CPU.Build.0 = Release|Any CPU
		{2860F161-9B82-48BC-A371-2613900B7F2E}.AppStore|ARM.ActiveCfg = Release|Any CPU
		{2860F161-9B82-48BC-A371-2613900B7F2E}.AppStore|ARM.Build.0 = Release|Any CPU
		{2860F161-9B82-48BC-A371-2613900B7F2E}.AppStore|iPhone.ActiveCfg = Release|Any CPU
		{2860F161-9B82-48BC-A371-2613900B7F2E}.AppStore|iPhone.Build.0 = Release|Any CPU
		{2860F161-9B82-48BC-A371-2613900B7F2E}.AppStore|iPhoneSimulator.ActiveCfg = Release|Any CPU
		{2860F161-9B82-48BC-A371-2613900B7F2E}.AppStore|iPhoneSimulator.Build.0 = Release|Any CPU
		{2860F161-9B82-48BC-A371-2613900B7F2E}.AppStore|x64.ActiveCfg = Release|Any CPU
		{2860F161-9B82-48BC-A371-2613900B7F2E}.AppStore|x64.Build.0 = Release|Any CPU
		{2860F161-9B82-48BC-A371-2613900B7F2E}.AppStore|x86.ActiveCfg = Release|Any CPU
		{2860F161-9B82-48BC-A371-2613900B7F2E}.AppStore|x86.Build.0 = Release|Any CPU
		{2860F161-9B82-48BC-A371-2613900B7F2E}.Debug|Any CPU.ActiveCfg = Debug|Any CPU
		{2860F161-9B82-48BC-A371-2613900B7F2E}.Debug|Any CPU.Build.0 = Debug|Any CPU
		{2860F161-9B82-48BC-A371-2613900B7F2E}.Debug|ARM.ActiveCfg = Debug|Any CPU
		{2860F161-9B82-48BC-A371-2613900B7F2E}.Debug|ARM.Build.0 = Debug|Any CPU
		{2860F161-9B82-48BC-A371-2613900B7F2E}.Debug|iPhone.ActiveCfg = Debug|Any CPU
		{2860F161-9B82-48BC-A371-2613900B7F2E}.Debug|iPhone.Build.0 = Debug|Any CPU
		{2860F161-9B82-48BC-A371-2613900B7F2E}.Debug|iPhoneSimulator.ActiveCfg = Debug|Any CPU
		{2860F161-9B82-48BC-A371-2613900B7F2E}.Debug|iPhoneSimulator.Build.0 = Debug|Any CPU
		{2860F161-9B82-48BC-A371-2613900B7F2E}.Debug|x64.ActiveCfg = Debug|Any CPU
		{2860F161-9B82-48BC-A371-2613900B7F2E}.Debug|x64.Build.0 = Debug|Any CPU
		{2860F161-9B82-48BC-A371-2613900B7F2E}.Debug|x86.ActiveCfg = Debug|Any CPU
		{2860F161-9B82-48BC-A371-2613900B7F2E}.Debug|x86.Build.0 = Debug|Any CPU
		{2860F161-9B82-48BC-A371-2613900B7F2E}.Release|Any CPU.ActiveCfg = Release|Any CPU
		{2860F161-9B82-48BC-A371-2613900B7F2E}.Release|Any CPU.Build.0 = Release|Any CPU
		{2860F161-9B82-48BC-A371-2613900B7F2E}.Release|ARM.ActiveCfg = Release|Any CPU
		{2860F161-9B82-48BC-A371-2613900B7F2E}.Release|ARM.Build.0 = Release|Any CPU
		{2860F161-9B82-48BC-A371-2613900B7F2E}.Release|iPhone.ActiveCfg = Release|Any CPU
		{2860F161-9B82-48BC-A371-2613900B7F2E}.Release|iPhone.Build.0 = Release|Any CPU
		{2860F161-9B82-48BC-A371-2613900B7F2E}.Release|iPhoneSimulator.ActiveCfg = Release|Any CPU
		{2860F161-9B82-48BC-A371-2613900B7F2E}.Release|iPhoneSimulator.Build.0 = Release|Any CPU
		{2860F161-9B82-48BC-A371-2613900B7F2E}.Release|x64.ActiveCfg = Release|Any CPU
		{2860F161-9B82-48BC-A371-2613900B7F2E}.Release|x64.Build.0 = Release|Any CPU
		{2860F161-9B82-48BC-A371-2613900B7F2E}.Release|x86.ActiveCfg = Release|Any CPU
		{8FADD108-3738-433C-BC5C-6F302E7587C7}.Ad-Hoc|Any CPU.ActiveCfg = Release|Any CPU
		{8FADD108-3738-433C-BC5C-6F302E7587C7}.Ad-Hoc|Any CPU.Build.0 = Release|Any CPU
		{8FADD108-3738-433C-BC5C-6F302E7587C7}.Ad-Hoc|ARM.ActiveCfg = Release|Any CPU
		{8FADD108-3738-433C-BC5C-6F302E7587C7}.Ad-Hoc|ARM.Build.0 = Release|Any CPU
		{8FADD108-3738-433C-BC5C-6F302E7587C7}.Ad-Hoc|iPhone.ActiveCfg = Release|Any CPU
		{8FADD108-3738-433C-BC5C-6F302E7587C7}.Ad-Hoc|iPhone.Build.0 = Release|Any CPU
		{8FADD108-3738-433C-BC5C-6F302E7587C7}.Ad-Hoc|iPhoneSimulator.ActiveCfg = Release|Any CPU
		{8FADD108-3738-433C-BC5C-6F302E7587C7}.Ad-Hoc|iPhoneSimulator.Build.0 = Release|Any CPU
		{8FADD108-3738-433C-BC5C-6F302E7587C7}.Ad-Hoc|x64.ActiveCfg = Release|Any CPU
		{8FADD108-3738-433C-BC5C-6F302E7587C7}.Ad-Hoc|x64.Build.0 = Release|Any CPU
		{8FADD108-3738-433C-BC5C-6F302E7587C7}.Ad-Hoc|x86.ActiveCfg = Release|Any CPU
		{8FADD108-3738-433C-BC5C-6F302E7587C7}.Ad-Hoc|x86.Build.0 = Release|Any CPU
		{8FADD108-3738-433C-BC5C-6F302E7587C7}.AppStore|Any CPU.ActiveCfg = Release|Any CPU
		{8FADD108-3738-433C-BC5C-6F302E7587C7}.AppStore|Any CPU.Build.0 = Release|Any CPU
		{8FADD108-3738-433C-BC5C-6F302E7587C7}.AppStore|ARM.ActiveCfg = Release|Any CPU
		{8FADD108-3738-433C-BC5C-6F302E7587C7}.AppStore|ARM.Build.0 = Release|Any CPU
		{8FADD108-3738-433C-BC5C-6F302E7587C7}.AppStore|iPhone.ActiveCfg = Release|Any CPU
		{8FADD108-3738-433C-BC5C-6F302E7587C7}.AppStore|iPhone.Build.0 = Release|Any CPU
		{8FADD108-3738-433C-BC5C-6F302E7587C7}.AppStore|iPhoneSimulator.ActiveCfg = Release|Any CPU
		{8FADD108-3738-433C-BC5C-6F302E7587C7}.AppStore|iPhoneSimulator.Build.0 = Release|Any CPU
		{8FADD108-3738-433C-BC5C-6F302E7587C7}.AppStore|x64.ActiveCfg = Release|Any CPU
		{8FADD108-3738-433C-BC5C-6F302E7587C7}.AppStore|x64.Build.0 = Release|Any CPU
		{8FADD108-3738-433C-BC5C-6F302E7587C7}.AppStore|x86.ActiveCfg = Release|Any CPU
		{8FADD108-3738-433C-BC5C-6F302E7587C7}.AppStore|x86.Build.0 = Release|Any CPU
		{8FADD108-3738-433C-BC5C-6F302E7587C7}.Debug|Any CPU.ActiveCfg = Debug|Any CPU
		{8FADD108-3738-433C-BC5C-6F302E7587C7}.Debug|Any CPU.Build.0 = Debug|Any CPU
		{8FADD108-3738-433C-BC5C-6F302E7587C7}.Debug|ARM.ActiveCfg = Debug|Any CPU
		{8FADD108-3738-433C-BC5C-6F302E7587C7}.Debug|ARM.Build.0 = Debug|Any CPU
		{8FADD108-3738-433C-BC5C-6F302E7587C7}.Debug|iPhone.ActiveCfg = Debug|Any CPU
		{8FADD108-3738-433C-BC5C-6F302E7587C7}.Debug|iPhone.Build.0 = Debug|Any CPU
		{8FADD108-3738-433C-BC5C-6F302E7587C7}.Debug|iPhoneSimulator.ActiveCfg = Debug|Any CPU
		{8FADD108-3738-433C-BC5C-6F302E7587C7}.Debug|iPhoneSimulator.Build.0 = Debug|Any CPU
		{8FADD108-3738-433C-BC5C-6F302E7587C7}.Debug|x64.ActiveCfg = Debug|Any CPU
		{8FADD108-3738-433C-BC5C-6F302E7587C7}.Debug|x64.Build.0 = Debug|Any CPU
		{8FADD108-3738-433C-BC5C-6F302E7587C7}.Debug|x86.ActiveCfg = Debug|Any CPU
		{8FADD108-3738-433C-BC5C-6F302E7587C7}.Debug|x86.Build.0 = Debug|Any CPU
		{8FADD108-3738-433C-BC5C-6F302E7587C7}.Release|Any CPU.ActiveCfg = Release|Any CPU
		{8FADD108-3738-433C-BC5C-6F302E7587C7}.Release|Any CPU.Build.0 = Release|Any CPU
		{8FADD108-3738-433C-BC5C-6F302E7587C7}.Release|ARM.ActiveCfg = Release|Any CPU
		{8FADD108-3738-433C-BC5C-6F302E7587C7}.Release|ARM.Build.0 = Release|Any CPU
		{8FADD108-3738-433C-BC5C-6F302E7587C7}.Release|iPhone.ActiveCfg = Release|Any CPU
		{8FADD108-3738-433C-BC5C-6F302E7587C7}.Release|iPhone.Build.0 = Release|Any CPU
		{8FADD108-3738-433C-BC5C-6F302E7587C7}.Release|iPhoneSimulator.ActiveCfg = Release|Any CPU
		{8FADD108-3738-433C-BC5C-6F302E7587C7}.Release|iPhoneSimulator.Build.0 = Release|Any CPU
		{8FADD108-3738-433C-BC5C-6F302E7587C7}.Release|x64.ActiveCfg = Release|Any CPU
		{8FADD108-3738-433C-BC5C-6F302E7587C7}.Release|x64.Build.0 = Release|Any CPU
		{8FADD108-3738-433C-BC5C-6F302E7587C7}.Release|x86.ActiveCfg = Release|Any CPU
	EndGlobalSection
	GlobalSection(SolutionProperties) = preSolution
		HideSolutionNode = FALSE
	EndGlobalSection
	GlobalSection(NestedProjects) = preSolution
		{27375461-6005-4402-B403-1619C34CC9FE} = {C5507026-6A28-4D73-94E1-282C754FF037}
		{F248B283-CDF4-4547-AE2C-5CDE430D8872} = {C5507026-6A28-4D73-94E1-282C754FF037}
		{9C9DF10A-D1FD-4C53-A3B9-FC0C1694D2C8} = {C5507026-6A28-4D73-94E1-282C754FF037}
		{2860F161-9B82-48BC-A371-2613900B7F2E} = {C5507026-6A28-4D73-94E1-282C754FF037}
		{8FADD108-3738-433C-BC5C-6F302E7587C7} = {C5507026-6A28-4D73-94E1-282C754FF037}
	EndGlobalSection
	GlobalSection(ExtensibilityGlobals) = postSolution
		SolutionGuid = {4A153BCA-4ED8-481C-8FA3-C035EB3EE038}
	EndGlobalSection
EndGlobal
